
Microsoft Visual Studio Solution File, Format Version 12.00
# Visual Studio Version 17
VisualStudioVersion = 17.8.34408.163
MinimumVisualStudioVersion = 10.0.40219.1
Project("{FAE04EC0-301F-11D3-BF4B-00C04F79EFBC}") = "BlogApp", "BlogApp\BlogApp.csproj", "{80304511-940F-4085-BEBB-4DFE4A359B45}"
EndProject
Global
	GlobalSection(SolutionConfigurationPlatforms) = preSolution
		Debug|Any CPU = Debug|Any CPU
		Release|Any CPU = Release|Any CPU
	EndGlobalSection
	GlobalSection(ProjectConfigurationPlatforms) = postSolution
		{80304511-940F-4085-BEBB-4DFE4A359B45}.Debug|Any CPU.ActiveCfg = Debug|Any CPU
		{80304511-940F-4085-BEBB-4DFE4A359B45}.Debug|Any CPU.Build.0 = Debug|Any CPU
		{80304511-940F-4085-BEBB-4DFE4A359B45}.Release|Any CPU.ActiveCfg = Release|Any CPU
		{80304511-940F-4085-BEBB-4DFE4A359B45}.Release|Any CPU.Build.0 = Release|Any CPU
	EndGlobalSection
	GlobalSection(SolutionProperties) = preSolution
		HideSolutionNode = FALSE
	EndGlobalSection
	GlobalSection(ExtensibilityGlobals) = postSolution
		SolutionGuid = {BF8ED10E-A4BC-46B1-B061-E021BD4F7A2B}
	EndGlobalSection
EndGlobal
